
Microsoft Visual Studio Solution File, Format Version 12.00
# Visual Studio 15
VisualStudioVersion = 15.0.27130.2036
MinimumVisualStudioVersion = 10.0.40219.1
Project("{9A19103F-16F7-4668-BE54-9A1E7A4F7556}") = "TroublemakerProxy", "TroublemakerProxy\TroublemakerProxy.csproj", "{D73BC75E-6203-4AA8-B379-F3FC14AD6994}"
EndProject
Project("{9A19103F-16F7-4668-BE54-9A1E7A4F7556}") = "Replicator", "Replicator\Replicator.csproj", "{5D3E96FE-BDFF-476D-979D-1333B8166575}"
EndProject
Project("{9A19103F-16F7-4668-BE54-9A1E7A4F7556}") = "TroublemakerInterfaces", "TroublemakerInterfaces\TroublemakerInterfaces.csproj", "{8B7B4F7A-1B22-4228-92D0-C96C495EE949}"
EndProject
Project("{9A19103F-16F7-4668-BE54-9A1E7A4F7556}") = "BadNetworkPlugin", "BadNetworkPlugin\BadNetworkPlugin.csproj", "{8F50B75E-4029-4883-B87E-6B96407479EA}"
EndProject
Project("{9A19103F-16F7-4668-BE54-9A1E7A4F7556}") = "NoCompressionPlugin", "NoCompressionPlugin\NoCompressionPlugin.csproj", "{112AE2E2-A3B7-41EF-8571-CA0C268C6366}"
EndProject
Project("{9A19103F-16F7-4668-BE54-9A1E7A4F7556}") = "MessageInterceptorPlugin", "MessageInterceptorPlugin\MessageInterceptorPlugin.csproj", "{BF83CAF3-A3CC-4A40-9FD3-5CADBE79B9B5}"
EndProject
Project("{FAE04EC0-301F-11D3-BF4B-00C04F79EFBC}") = "DisconnectionPlugin", "DisconnectionPlugin\DisconnectionPlugin.csproj", "{D1A5B82E-8B9D-4441-ABDF-E9AD1400FB8E}"
EndProject
Global
	GlobalSection(SolutionConfigurationPlatforms) = preSolution
		Debug|Any CPU = Debug|Any CPU
		Release|Any CPU = Release|Any CPU
	EndGlobalSection
	GlobalSection(ProjectConfigurationPlatforms) = postSolution
		{D73BC75E-6203-4AA8-B379-F3FC14AD6994}.Debug|Any CPU.ActiveCfg = Debug|Any CPU
		{D73BC75E-6203-4AA8-B379-F3FC14AD6994}.Debug|Any CPU.Build.0 = Debug|Any CPU
		{D73BC75E-6203-4AA8-B379-F3FC14AD6994}.Release|Any CPU.ActiveCfg = Release|Any CPU
		{D73BC75E-6203-4AA8-B379-F3FC14AD6994}.Release|Any CPU.Build.0 = Release|Any CPU
		{5D3E96FE-BDFF-476D-979D-1333B8166575}.Debug|Any CPU.ActiveCfg = Debug|Any CPU
		{5D3E96FE-BDFF-476D-979D-1333B8166575}.Debug|Any CPU.Build.0 = Debug|Any CPU
		{5D3E96FE-BDFF-476D-979D-1333B8166575}.Release|Any CPU.ActiveCfg = Release|Any CPU
		{5D3E96FE-BDFF-476D-979D-1333B8166575}.Release|Any CPU.Build.0 = Release|Any CPU
		{8B7B4F7A-1B22-4228-92D0-C96C495EE949}.Debug|Any CPU.ActiveCfg = Debug|Any CPU
		{8B7B4F7A-1B22-4228-92D0-C96C495EE949}.Debug|Any CPU.Build.0 = Debug|Any CPU
		{8B7B4F7A-1B22-4228-92D0-C96C495EE949}.Release|Any CPU.ActiveCfg = Release|Any CPU
		{8B7B4F7A-1B22-4228-92D0-C96C495EE949}.Release|Any CPU.Build.0 = Release|Any CPU
		{8F50B75E-4029-4883-B87E-6B96407479EA}.Debug|Any CPU.ActiveCfg = Debug|Any CPU
		{8F50B75E-4029-4883-B87E-6B96407479EA}.Debug|Any CPU.Build.0 = Debug|Any CPU
		{8F50B75E-4029-4883-B87E-6B96407479EA}.Release|Any CPU.ActiveCfg = Release|Any CPU
		{8F50B75E-4029-4883-B87E-6B96407479EA}.Release|Any CPU.Build.0 = Release|Any CPU
		{112AE2E2-A3B7-41EF-8571-CA0C268C6366}.Debug|Any CPU.ActiveCfg = Debug|Any CPU
		{112AE2E2-A3B7-41EF-8571-CA0C268C6366}.Debug|Any CPU.Build.0 = Debug|Any CPU
		{112AE2E2-A3B7-41EF-8571-CA0C268C6366}.Release|Any CPU.ActiveCfg = Release|Any CPU
		{112AE2E2-A3B7-41EF-8571-CA0C268C6366}.Release|Any CPU.Build.0 = Release|Any CPU
		{BF83CAF3-A3CC-4A40-9FD3-5CADBE79B9B5}.Debug|Any CPU.ActiveCfg = Debug|Any CPU
		{BF83CAF3-A3CC-4A40-9FD3-5CADBE79B9B5}.Debug|Any CPU.Build.0 = Debug|Any CPU
		{BF83CAF3-A3CC-4A40-9FD3-5CADBE79B9B5}.Release|Any CPU.ActiveCfg = Release|Any CPU
		{BF83CAF3-A3CC-4A40-9FD3-5CADBE79B9B5}.Release|Any CPU.Build.0 = Release|Any CPU
		{D1A5B82E-8B9D-4441-ABDF-E9AD1400FB8E}.Debug|Any CPU.ActiveCfg = Debug|Any CPU
		{D1A5B82E-8B9D-4441-ABDF-E9AD1400FB8E}.Debug|Any CPU.Build.0 = Debug|Any CPU
		{D1A5B82E-8B9D-4441-ABDF-E9AD1400FB8E}.Release|Any CPU.ActiveCfg = Release|Any CPU
		{D1A5B82E-8B9D-4441-ABDF-E9AD1400FB8E}.Release|Any CPU.Build.0 = Release|Any CPU
	EndGlobalSection
	GlobalSection(SolutionProperties) = preSolution
		HideSolutionNode = FALSE
	EndGlobalSection
	GlobalSection(ExtensibilityGlobals) = postSolution
		SolutionGuid = {F8269220-FEAE-41D4-960E-B146DE202419}
	EndGlobalSection
EndGlobal
